// !$*UTF8*$!
{
	archiveVersion = 1;
	classes = {
	};
	objectVersion = 56;
	objects = {

/* Begin PBXBuildFile section */
		95FDED10F88F97F7B521F928 /* Pods_OG_Notes.framework in Frameworks */ = {isa = PBXBuildFile; fileRef = 10EB12BF0AC9C3ACFE4BA40A /* Pods_OG_Notes.framework */; };
		BD2BBD143AF7394817F8C6AD /* Pods_OG_Notes_OG_NotesUITests.framework in Frameworks */ = {isa = PBXBuildFile; fileRef = 2A6EDA028A6D4FE5328BB41E /* Pods_OG_Notes_OG_NotesUITests.framework */; };
		C00E093E2B3D6F66003F2C0D /* AppDelegate.swift in Sources */ = {isa = PBXBuildFile; fileRef = C00E093D2B3D6F66003F2C0D /* AppDelegate.swift */; };
		C00E09402B3D6F66003F2C0D /* SceneDelegate.swift in Sources */ = {isa = PBXBuildFile; fileRef = C00E093F2B3D6F66003F2C0D /* SceneDelegate.swift */; };
		C00E09422B3D6F66003F2C0D /* ViewController.swift in Sources */ = {isa = PBXBuildFile; fileRef = C00E09412B3D6F66003F2C0D /* ViewController.swift */; };
		C00E09452B3D6F66003F2C0D /* Main.storyboard in Resources */ = {isa = PBXBuildFile; fileRef = C00E09432B3D6F66003F2C0D /* Main.storyboard */; };
		C00E09472B3D6F67003F2C0D /* Assets.xcassets in Resources */ = {isa = PBXBuildFile; fileRef = C00E09462B3D6F67003F2C0D /* Assets.xcassets */; };
		C00E094A2B3D6F67003F2C0D /* LaunchScreen.storyboard in Resources */ = {isa = PBXBuildFile; fileRef = C00E09482B3D6F67003F2C0D /* LaunchScreen.storyboard */; };
		C00E09552B3D6F67003F2C0D /* OG_NotesTests.swift in Sources */ = {isa = PBXBuildFile; fileRef = C00E09542B3D6F67003F2C0D /* OG_NotesTests.swift */; };
		C00E095F2B3D6F67003F2C0D /* OG_NotesUITests.swift in Sources */ = {isa = PBXBuildFile; fileRef = C00E095E2B3D6F67003F2C0D /* OG_NotesUITests.swift */; };
		C00E09612B3D6F67003F2C0D /* OG_NotesUITestsLaunchTests.swift in Sources */ = {isa = PBXBuildFile; fileRef = C00E09602B3D6F67003F2C0D /* OG_NotesUITestsLaunchTests.swift */; };
		C06D9CC22B44001F00B07D89 /* NoteCell.swift in Sources */ = {isa = PBXBuildFile; fileRef = C06D9CC12B44001F00B07D89 /* NoteCell.swift */; };
		C06D9CC52B4400CA00B07D89 /* NoteModel.swift in Sources */ = {isa = PBXBuildFile; fileRef = C06D9CC42B4400CA00B07D89 /* NoteModel.swift */; };
		C06D9CC82B44085F00B07D89 /* WriteNotesVC.swift in Sources */ = {isa = PBXBuildFile; fileRef = C06D9CC72B44085F00B07D89 /* WriteNotesVC.swift */; };
		CADA188C4FB32A6CCA062E62 /* Pods_OG_NotesTests.framework in Frameworks */ = {isa = PBXBuildFile; fileRef = C28D2A46E4293F77ACC62BB1 /* Pods_OG_NotesTests.framework */; };
/* End PBXBuildFile section */

/* Begin PBXContainerItemProxy section */
		C00E09512B3D6F67003F2C0D /* PBXContainerItemProxy */ = {
			isa = PBXContainerItemProxy;
			containerPortal = C00E09322B3D6F66003F2C0D /* Project object */;
			proxyType = 1;
			remoteGlobalIDString = C00E09392B3D6F66003F2C0D;
			remoteInfo = "OG Notes";
		};
		C00E095B2B3D6F67003F2C0D /* PBXContainerItemProxy */ = {
			isa = PBXContainerItemProxy;
			containerPortal = C00E09322B3D6F66003F2C0D /* Project object */;
			proxyType = 1;
			remoteGlobalIDString = C00E09392B3D6F66003F2C0D;
			remoteInfo = "OG Notes";
		};
/* End PBXContainerItemProxy section */

/* Begin PBXFileReference section */
		10EB12BF0AC9C3ACFE4BA40A /* Pods_OG_Notes.framework */ = {isa = PBXFileReference; explicitFileType = wrapper.framework; includeInIndex = 0; path = Pods_OG_Notes.framework; sourceTree = BUILT_PRODUCTS_DIR; };
		1247C29F8E920120523A5D6D /* Pods-OG Notes.release.xcconfig */ = {isa = PBXFileReference; includeInIndex = 1; lastKnownFileType = text.xcconfig; name = "Pods-OG Notes.release.xcconfig"; path = "Target Support Files/Pods-OG Notes/Pods-OG Notes.release.xcconfig"; sourceTree = "<group>"; };
		1AC0AF419F0AACA5DFC0B40D /* Pods-OG NotesTests.release.xcconfig */ = {isa = PBXFileReference; includeInIndex = 1; lastKnownFileType = text.xcconfig; name = "Pods-OG NotesTests.release.xcconfig"; path = "Target Support Files/Pods-OG NotesTests/Pods-OG NotesTests.release.xcconfig"; sourceTree = "<group>"; };
		2A6EDA028A6D4FE5328BB41E /* Pods_OG_Notes_OG_NotesUITests.framework */ = {isa = PBXFileReference; explicitFileType = wrapper.framework; includeInIndex = 0; path = Pods_OG_Notes_OG_NotesUITests.framework; sourceTree = BUILT_PRODUCTS_DIR; };
		56BD733ABAE9050024BB67D7 /* Pods-OG Notes-OG NotesUITests.release.xcconfig */ = {isa = PBXFileReference; includeInIndex = 1; lastKnownFileType = text.xcconfig; name = "Pods-OG Notes-OG NotesUITests.release.xcconfig"; path = "Target Support Files/Pods-OG Notes-OG NotesUITests/Pods-OG Notes-OG NotesUITests.release.xcconfig"; sourceTree = "<group>"; };
		5F64E96372D83F4D4C5E3970 /* Pods-OG NotesTests.debug.xcconfig */ = {isa = PBXFileReference; includeInIndex = 1; lastKnownFileType = text.xcconfig; name = "Pods-OG NotesTests.debug.xcconfig"; path = "Target Support Files/Pods-OG NotesTests/Pods-OG NotesTests.debug.xcconfig"; sourceTree = "<group>"; };
		9F90C1C5B6DB6C1739D5D232 /* Pods-OG Notes.debug.xcconfig */ = {isa = PBXFileReference; includeInIndex = 1; lastKnownFileType = text.xcconfig; name = "Pods-OG Notes.debug.xcconfig"; path = "Target Support Files/Pods-OG Notes/Pods-OG Notes.debug.xcconfig"; sourceTree = "<group>"; };
		C00E093A2B3D6F66003F2C0D /* OG Notes.app */ = {isa = PBXFileReference; explicitFileType = wrapper.application; includeInIndex = 0; path = "OG Notes.app"; sourceTree = BUILT_PRODUCTS_DIR; };
		C00E093D2B3D6F66003F2C0D /* AppDelegate.swift */ = {isa = PBXFileReference; lastKnownFileType = sourcecode.swift; path = AppDelegate.swift; sourceTree = "<group>"; };
		C00E093F2B3D6F66003F2C0D /* SceneDelegate.swift */ = {isa = PBXFileReference; lastKnownFileType = sourcecode.swift; path = SceneDelegate.swift; sourceTree = "<group>"; };
		C00E09412B3D6F66003F2C0D /* ViewController.swift */ = {isa = PBXFileReference; lastKnownFileType = sourcecode.swift; path = ViewController.swift; sourceTree = "<group>"; };
		C00E09442B3D6F66003F2C0D /* Base */ = {isa = PBXFileReference; lastKnownFileType = file.storyboard; name = Base; path = Base.lproj/Main.storyboard; sourceTree = "<group>"; };
		C00E09462B3D6F67003F2C0D /* Assets.xcassets */ = {isa = PBXFileReference; lastKnownFileType = folder.assetcatalog; path = Assets.xcassets; sourceTree = "<group>"; };
		C00E09492B3D6F67003F2C0D /* Base */ = {isa = PBXFileReference; lastKnownFileType = file.storyboard; name = Base; path = Base.lproj/LaunchScreen.storyboard; sourceTree = "<group>"; };
		C00E094B2B3D6F67003F2C0D /* Info.plist */ = {isa = PBXFileReference; lastKnownFileType = text.plist.xml; path = Info.plist; sourceTree = "<group>"; };
		C00E09502B3D6F67003F2C0D /* OG NotesTests.xctest */ = {isa = PBXFileReference; explicitFileType = wrapper.cfbundle; includeInIndex = 0; path = "OG NotesTests.xctest"; sourceTree = BUILT_PRODUCTS_DIR; };
		C00E09542B3D6F67003F2C0D /* OG_NotesTests.swift */ = {isa = PBXFileReference; lastKnownFileType = sourcecode.swift; path = OG_NotesTests.swift; sourceTree = "<group>"; };
		C00E095A2B3D6F67003F2C0D /* OG NotesUITests.xctest */ = {isa = PBXFileReference; explicitFileType = wrapper.cfbundle; includeInIndex = 0; path = "OG NotesUITests.xctest"; sourceTree = BUILT_PRODUCTS_DIR; };
		C00E095E2B3D6F67003F2C0D /* OG_NotesUITests.swift */ = {isa = PBXFileReference; lastKnownFileType = sourcecode.swift; path = OG_NotesUITests.swift; sourceTree = "<group>"; };
		C00E09602B3D6F67003F2C0D /* OG_NotesUITestsLaunchTests.swift */ = {isa = PBXFileReference; lastKnownFileType = sourcecode.swift; path = OG_NotesUITestsLaunchTests.swift; sourceTree = "<group>"; };
		C06D9CC12B44001F00B07D89 /* NoteCell.swift */ = {isa = PBXFileReference; lastKnownFileType = sourcecode.swift; path = NoteCell.swift; sourceTree = "<group>"; };
		C06D9CC42B4400CA00B07D89 /* NoteModel.swift */ = {isa = PBXFileReference; lastKnownFileType = sourcecode.swift; path = NoteModel.swift; sourceTree = "<group>"; };
		C06D9CC72B44085F00B07D89 /* WriteNotesVC.swift */ = {isa = PBXFileReference; lastKnownFileType = sourcecode.swift; path = WriteNotesVC.swift; sourceTree = "<group>"; };
		C28D2A46E4293F77ACC62BB1 /* Pods_OG_NotesTests.framework */ = {isa = PBXFileReference; explicitFileType = wrapper.framework; includeInIndex = 0; path = Pods_OG_NotesTests.framework; sourceTree = BUILT_PRODUCTS_DIR; };
		DD1AB158FB9A970256AB8776 /* Pods-OG Notes-OG NotesUITests.debug.xcconfig */ = {isa = PBXFileReference; includeInIndex = 1; lastKnownFileType = text.xcconfig; name = "Pods-OG Notes-OG NotesUITests.debug.xcconfig"; path = "Target Support Files/Pods-OG Notes-OG NotesUITests/Pods-OG Notes-OG NotesUITests.debug.xcconfig"; sourceTree = "<group>"; };
/* End PBXFileReference section */

/* Begin PBXFrameworksBuildPhase section */
		C00E09372B3D6F66003F2C0D /* Frameworks */ = {
			isa = PBXFrameworksBuildPhase;
			buildActionMask = 2147483647;
			files = (
				95FDED10F88F97F7B521F928 /* Pods_OG_Notes.framework in Frameworks */,
			);
			runOnlyForDeploymentPostprocessing = 0;
		};
		C00E094D2B3D6F67003F2C0D /* Frameworks */ = {
			isa = PBXFrameworksBuildPhase;
			buildActionMask = 2147483647;
			files = (
				CADA188C4FB32A6CCA062E62 /* Pods_OG_NotesTests.framework in Frameworks */,
			);
			runOnlyForDeploymentPostprocessing = 0;
		};
		C00E09572B3D6F67003F2C0D /* Frameworks */ = {
			isa = PBXFrameworksBuildPhase;
			buildActionMask = 2147483647;
			files = (
				BD2BBD143AF7394817F8C6AD /* Pods_OG_Notes_OG_NotesUITests.framework in Frameworks */,
			);
			runOnlyForDeploymentPostprocessing = 0;
		};
/* End PBXFrameworksBuildPhase section */

/* Begin PBXGroup section */
		16E7B848D6032AE0FF9D32ED /* Frameworks */ = {
			isa = PBXGroup;
			children = (
				10EB12BF0AC9C3ACFE4BA40A /* Pods_OG_Notes.framework */,
				2A6EDA028A6D4FE5328BB41E /* Pods_OG_Notes_OG_NotesUITests.framework */,
				C28D2A46E4293F77ACC62BB1 /* Pods_OG_NotesTests.framework */,
			);
			name = Frameworks;
			sourceTree = "<group>";
		};
		AD353F874185C90EB06B519E /* Pods */ = {
			isa = PBXGroup;
			children = (
				9F90C1C5B6DB6C1739D5D232 /* Pods-OG Notes.debug.xcconfig */,
				1247C29F8E920120523A5D6D /* Pods-OG Notes.release.xcconfig */,
				DD1AB158FB9A970256AB8776 /* Pods-OG Notes-OG NotesUITests.debug.xcconfig */,
				56BD733ABAE9050024BB67D7 /* Pods-OG Notes-OG NotesUITests.release.xcconfig */,
				5F64E96372D83F4D4C5E3970 /* Pods-OG NotesTests.debug.xcconfig */,
				1AC0AF419F0AACA5DFC0B40D /* Pods-OG NotesTests.release.xcconfig */,
			);
			path = Pods;
			sourceTree = "<group>";
		};
		C00E09312B3D6F66003F2C0D = {
			isa = PBXGroup;
			children = (
				C00E093C2B3D6F66003F2C0D /* OG Notes */,
				C00E09532B3D6F67003F2C0D /* OG NotesTests */,
				C00E095D2B3D6F67003F2C0D /* OG NotesUITests */,
				C00E093B2B3D6F66003F2C0D /* Products */,
				AD353F874185C90EB06B519E /* Pods */,
				16E7B848D6032AE0FF9D32ED /* Frameworks */,
			);
			sourceTree = "<group>";
		};
		C00E093B2B3D6F66003F2C0D /* Products */ = {
			isa = PBXGroup;
			children = (
				C00E093A2B3D6F66003F2C0D /* OG Notes.app */,
				C00E09502B3D6F67003F2C0D /* OG NotesTests.xctest */,
				C00E095A2B3D6F67003F2C0D /* OG NotesUITests.xctest */,
			);
			name = Products;
			sourceTree = "<group>";
		};
		C00E093C2B3D6F66003F2C0D /* OG Notes */ = {
			isa = PBXGroup;
			children = (
				C06D9CC62B44084A00B07D89 /* Controller */,
				C06D9CC32B4400BB00B07D89 /* Model */,
				C06D9CC02B44000A00B07D89 /* Views */,
				C00E093D2B3D6F66003F2C0D /* AppDelegate.swift */,
				C00E093F2B3D6F66003F2C0D /* SceneDelegate.swift */,
				C00E09432B3D6F66003F2C0D /* Main.storyboard */,
				C00E09462B3D6F67003F2C0D /* Assets.xcassets */,
				C00E09482B3D6F67003F2C0D /* LaunchScreen.storyboard */,
				C00E094B2B3D6F67003F2C0D /* Info.plist */,
			);
			path = "OG Notes";
			sourceTree = "<group>";
		};
		C00E09532B3D6F67003F2C0D /* OG NotesTests */ = {
			isa = PBXGroup;
			children = (
				C00E09542B3D6F67003F2C0D /* OG_NotesTests.swift */,
			);
			path = "OG NotesTests";
			sourceTree = "<group>";
		};
		C00E095D2B3D6F67003F2C0D /* OG NotesUITests */ = {
			isa = PBXGroup;
			children = (
				C00E095E2B3D6F67003F2C0D /* OG_NotesUITests.swift */,
				C00E09602B3D6F67003F2C0D /* OG_NotesUITestsLaunchTests.swift */,
			);
			path = "OG NotesUITests";
			sourceTree = "<group>";
		};
		C06D9CC02B44000A00B07D89 /* Views */ = {
			isa = PBXGroup;
			children = (
				C06D9CC12B44001F00B07D89 /* NoteCell.swift */,
			);
			name = Views;
			sourceTree = "<group>";
		};
		C06D9CC32B4400BB00B07D89 /* Model */ = {
			isa = PBXGroup;
			children = (
				C06D9CC42B4400CA00B07D89 /* NoteModel.swift */,
			);
			path = Model;
			sourceTree = "<group>";
		};
		C06D9CC62B44084A00B07D89 /* Controller */ = {
			isa = PBXGroup;
			children = (
				C00E09412B3D6F66003F2C0D /* ViewController.swift */,
				C06D9CC72B44085F00B07D89 /* WriteNotesVC.swift */,
			);
			name = Controller;
			sourceTree = "<group>";
		};
/* End PBXGroup section */

/* Begin PBXNativeTarget section */
		C00E09392B3D6F66003F2C0D /* OG Notes */ = {
			isa = PBXNativeTarget;
			buildConfigurationList = C00E09642B3D6F67003F2C0D /* Build configuration list for PBXNativeTarget "OG Notes" */;
			buildPhases = (
				E6045FD36E44442C84F73DA2 /* [CP] Check Pods Manifest.lock */,
				C00E09362B3D6F66003F2C0D /* Sources */,
				C00E09372B3D6F66003F2C0D /* Frameworks */,
				C00E09382B3D6F66003F2C0D /* Resources */,
				B1D10AAF919CD6D6E222B55F /* [CP] Embed Pods Frameworks */,
			);
			buildRules = (
			);
			dependencies = (
			);
			name = "OG Notes";
			productName = "OG Notes";
			productReference = C00E093A2B3D6F66003F2C0D /* OG Notes.app */;
			productType = "com.apple.product-type.application";
		};
		C00E094F2B3D6F67003F2C0D /* OG NotesTests */ = {
			isa = PBXNativeTarget;
			buildConfigurationList = C00E09672B3D6F67003F2C0D /* Build configuration list for PBXNativeTarget "OG NotesTests" */;
			buildPhases = (
				7032963144F69FF793B4D637 /* [CP] Check Pods Manifest.lock */,
				C00E094C2B3D6F67003F2C0D /* Sources */,
				C00E094D2B3D6F67003F2C0D /* Frameworks */,
				C00E094E2B3D6F67003F2C0D /* Resources */,
			);
			buildRules = (
			);
			dependencies = (
				C00E09522B3D6F67003F2C0D /* PBXTargetDependency */,
			);
			name = "OG NotesTests";
			productName = "OG NotesTests";
			productReference = C00E09502B3D6F67003F2C0D /* OG NotesTests.xctest */;
			productType = "com.apple.product-type.bundle.unit-test";
		};
		C00E09592B3D6F67003F2C0D /* OG NotesUITests */ = {
			isa = PBXNativeTarget;
			buildConfigurationList = C00E096A2B3D6F67003F2C0D /* Build configuration list for PBXNativeTarget "OG NotesUITests" */;
			buildPhases = (
				46F447601E22859E2FB86F0A /* [CP] Check Pods Manifest.lock */,
				C00E09562B3D6F67003F2C0D /* Sources */,
				C00E09572B3D6F67003F2C0D /* Frameworks */,
				C00E09582B3D6F67003F2C0D /* Resources */,
				86E7BC09491EDF2BA88C7A99 /* [CP] Embed Pods Frameworks */,
			);
			buildRules = (
			);
			dependencies = (
				C00E095C2B3D6F67003F2C0D /* PBXTargetDependency */,
			);
			name = "OG NotesUITests";
			productName = "OG NotesUITests";
			productReference = C00E095A2B3D6F67003F2C0D /* OG NotesUITests.xctest */;
			productType = "com.apple.product-type.bundle.ui-testing";
		};
/* End PBXNativeTarget section */

/* Begin PBXProject section */
		C00E09322B3D6F66003F2C0D /* Project object */ = {
			isa = PBXProject;
			attributes = {
				BuildIndependentTargetsInParallel = 1;
				LastSwiftUpdateCheck = 1510;
				LastUpgradeCheck = 1510;
				TargetAttributes = {
					C00E09392B3D6F66003F2C0D = {
						CreatedOnToolsVersion = 15.1;
					};
					C00E094F2B3D6F67003F2C0D = {
						CreatedOnToolsVersion = 15.1;
						TestTargetID = C00E09392B3D6F66003F2C0D;
					};
					C00E09592B3D6F67003F2C0D = {
						CreatedOnToolsVersion = 15.1;
						TestTargetID = C00E09392B3D6F66003F2C0D;
					};
				};
			};
			buildConfigurationList = C00E09352B3D6F66003F2C0D /* Build configuration list for PBXProject "OG Notes" */;
			compatibilityVersion = "Xcode 14.0";
			developmentRegion = en;
			hasScannedForEncodings = 0;
			knownRegions = (
				en,
				Base,
			);
			mainGroup = C00E09312B3D6F66003F2C0D;
			productRefGroup = C00E093B2B3D6F66003F2C0D /* Products */;
			projectDirPath = "";
			projectRoot = "";
			targets = (
				C00E09392B3D6F66003F2C0D /* OG Notes */,
				C00E094F2B3D6F67003F2C0D /* OG NotesTests */,
				C00E09592B3D6F67003F2C0D /* OG NotesUITests */,
			);
		};
/* End PBXProject section */

/* Begin PBXResourcesBuildPhase section */
		C00E09382B3D6F66003F2C0D /* Resources */ = {
			isa = PBXResourcesBuildPhase;
			buildActionMask = 2147483647;
			files = (
				C00E094A2B3D6F67003F2C0D /* LaunchScreen.storyboard in Resources */,
				C00E09472B3D6F67003F2C0D /* Assets.xcassets in Resources */,
				C00E09452B3D6F66003F2C0D /* Main.storyboard in Resources */,
			);
			runOnlyForDeploymentPostprocessing = 0;
		};
		C00E094E2B3D6F67003F2C0D /* Resources */ = {
			isa = PBXResourcesBuildPhase;
			buildActionMask = 2147483647;
			files = (
			);
			runOnlyForDeploymentPostprocessing = 0;
		};
		C00E09582B3D6F67003F2C0D /* Resources */ = {
			isa = PBXResourcesBuildPhase;
			buildActionMask = 2147483647;
			files = (
			);
			runOnlyForDeploymentPostprocessing = 0;
		};
/* End PBXResourcesBuildPhase section */

/* Begin PBXShellScriptBuildPhase section */
		46F447601E22859E2FB86F0A /* [CP] Check Pods Manifest.lock */ = {
			isa = PBXShellScriptBuildPhase;
			buildActionMask = 2147483647;
			files = (
			);
			inputFileListPaths = (
			);
			inputPaths = (
				"${PODS_PODFILE_DIR_PATH}/Podfile.lock",
				"${PODS_ROOT}/Manifest.lock",
			);
			name = "[CP] Check Pods Manifest.lock";
			outputFileListPaths = (
			);
			outputPaths = (
				"$(DERIVED_FILE_DIR)/Pods-OG Notes-OG NotesUITests-checkManifestLockResult.txt",
			);
			runOnlyForDeploymentPostprocessing = 0;
			shellPath = /bin/sh;
			shellScript = "diff \"${PODS_PODFILE_DIR_PATH}/Podfile.lock\" \"${PODS_ROOT}/Manifest.lock\" > /dev/null\nif [ $? != 0 ] ; then\n    # print error to STDERR\n    echo \"error: The sandbox is not in sync with the Podfile.lock. Run 'pod install' or update your CocoaPods installation.\" >&2\n    exit 1\nfi\n# This output is used by Xcode 'outputs' to avoid re-running this script phase.\necho \"SUCCESS\" > \"${SCRIPT_OUTPUT_FILE_0}\"\n";
			showEnvVarsInLog = 0;
		};
		7032963144F69FF793B4D637 /* [CP] Check Pods Manifest.lock */ = {
			isa = PBXShellScriptBuildPhase;
			buildActionMask = 2147483647;
			files = (
			);
			inputFileListPaths = (
			);
			inputPaths = (
				"${PODS_PODFILE_DIR_PATH}/Podfile.lock",
				"${PODS_ROOT}/Manifest.lock",
			);
			name = "[CP] Check Pods Manifest.lock";
			outputFileListPaths = (
			);
			outputPaths = (
				"$(DERIVED_FILE_DIR)/Pods-OG NotesTests-checkManifestLockResult.txt",
			);
			runOnlyForDeploymentPostprocessing = 0;
			shellPath = /bin/sh;
			shellScript = "diff \"${PODS_PODFILE_DIR_PATH}/Podfile.lock\" \"${PODS_ROOT}/Manifest.lock\" > /dev/null\nif [ $? != 0 ] ; then\n    # print error to STDERR\n    echo \"error: The sandbox is not in sync with the Podfile.lock. Run 'pod install' or update your CocoaPods installation.\" >&2\n    exit 1\nfi\n# This output is used by Xcode 'outputs' to avoid re-running this script phase.\necho \"SUCCESS\" > \"${SCRIPT_OUTPUT_FILE_0}\"\n";
			showEnvVarsInLog = 0;
		};
		86E7BC09491EDF2BA88C7A99 /* [CP] Embed Pods Frameworks */ = {
			isa = PBXShellScriptBuildPhase;
			buildActionMask = 2147483647;
			files = (
			);
			inputFileListPaths = (
				"${PODS_ROOT}/Target Support Files/Pods-OG Notes-OG NotesUITests/Pods-OG Notes-OG NotesUITests-frameworks-${CONFIGURATION}-input-files.xcfilelist",
			);
			name = "[CP] Embed Pods Frameworks";
			outputFileListPaths = (
				"${PODS_ROOT}/Target Support Files/Pods-OG Notes-OG NotesUITests/Pods-OG Notes-OG NotesUITests-frameworks-${CONFIGURATION}-output-files.xcfilelist",
			);
			runOnlyForDeploymentPostprocessing = 0;
			shellPath = /bin/sh;
			shellScript = "\"${PODS_ROOT}/Target Support Files/Pods-OG Notes-OG NotesUITests/Pods-OG Notes-OG NotesUITests-frameworks.sh\"\n";
			showEnvVarsInLog = 0;
		};
		B1D10AAF919CD6D6E222B55F /* [CP] Embed Pods Frameworks */ = {
			isa = PBXShellScriptBuildPhase;
			buildActionMask = 2147483647;
			files = (
			);
			inputFileListPaths = (
				"${PODS_ROOT}/Target Support Files/Pods-OG Notes/Pods-OG Notes-frameworks-${CONFIGURATION}-input-files.xcfilelist",
			);
			name = "[CP] Embed Pods Frameworks";
			outputFileListPaths = (
				"${PODS_ROOT}/Target Support Files/Pods-OG Notes/Pods-OG Notes-frameworks-${CONFIGURATION}-output-files.xcfilelist",
			);
			runOnlyForDeploymentPostprocessing = 0;
			shellPath = /bin/sh;
			shellScript = "\"${PODS_ROOT}/Target Support Files/Pods-OG Notes/Pods-OG Notes-frameworks.sh\"\n";
			showEnvVarsInLog = 0;
		};
		E6045FD36E44442C84F73DA2 /* [CP] Check Pods Manifest.lock */ = {
			isa = PBXShellScriptBuildPhase;
			buildActionMask = 2147483647;
			files = (
			);
			inputFileListPaths = (
			);
			inputPaths = (
				"${PODS_PODFILE_DIR_PATH}/Podfile.lock",
				"${PODS_ROOT}/Manifest.lock",
			);
			name = "[CP] Check Pods Manifest.lock";
			outputFileListPaths = (
			);
			outputPaths = (
				"$(DERIVED_FILE_DIR)/Pods-OG Notes-checkManifestLockResult.txt",
			);
			runOnlyForDeploymentPostprocessing = 0;
			shellPath = /bin/sh;
			shellScript = "diff \"${PODS_PODFILE_DIR_PATH}/Podfile.lock\" \"${PODS_ROOT}/Manifest.lock\" > /dev/null\nif [ $? != 0 ] ; then\n    # print error to STDERR\n    echo \"error: The sandbox is not in sync with the Podfile.lock. Run 'pod install' or update your CocoaPods installation.\" >&2\n    exit 1\nfi\n# This output is used by Xcode 'outputs' to avoid re-running this script phase.\necho \"SUCCESS\" > \"${SCRIPT_OUTPUT_FILE_0}\"\n";
			showEnvVarsInLog = 0;
		};
/* End PBXShellScriptBuildPhase section */

/* Begin PBXSourcesBuildPhase section */
		C00E09362B3D6F66003F2C0D /* Sources */ = {
			isa = PBXSourcesBuildPhase;
			buildActionMask = 2147483647;
			files = (
				C06D9CC52B4400CA00B07D89 /* NoteModel.swift in Sources */,
				C00E09422B3D6F66003F2C0D /* ViewController.swift in Sources */,
				C06D9CC82B44085F00B07D89 /* WriteNotesVC.swift in Sources */,
				C00E093E2B3D6F66003F2C0D /* AppDelegate.swift in Sources */,
				C00E09402B3D6F66003F2C0D /* SceneDelegate.swift in Sources */,
				C06D9CC22B44001F00B07D89 /* NoteCell.swift in Sources */,
			);
			runOnlyForDeploymentPostprocessing = 0;
		};
		C00E094C2B3D6F67003F2C0D /* Sources */ = {
			isa = PBXSourcesBuildPhase;
			buildActionMask = 2147483647;
			files = (
				C00E09552B3D6F67003F2C0D /* OG_NotesTests.swift in Sources */,
			);
			runOnlyForDeploymentPostprocessing = 0;
		};
		C00E09562B3D6F67003F2C0D /* Sources */ = {
			isa = PBXSourcesBuildPhase;
			buildActionMask = 2147483647;
			files = (
				C00E09612B3D6F67003F2C0D /* OG_NotesUITestsLaunchTests.swift in Sources */,
				C00E095F2B3D6F67003F2C0D /* OG_NotesUITests.swift in Sources */,
			);
			runOnlyForDeploymentPostprocessing = 0;
		};
/* End PBXSourcesBuildPhase section */

/* Begin PBXTargetDependency section */
		C00E09522B3D6F67003F2C0D /* PBXTargetDependency */ = {
			isa = PBXTargetDependency;
			target = C00E09392B3D6F66003F2C0D /* OG Notes */;
			targetProxy = C00E09512B3D6F67003F2C0D /* PBXContainerItemProxy */;
		};
		C00E095C2B3D6F67003F2C0D /* PBXTargetDependency */ = {
			isa = PBXTargetDependency;
			target = C00E09392B3D6F66003F2C0D /* OG Notes */;
			targetProxy = C00E095B2B3D6F67003F2C0D /* PBXContainerItemProxy */;
		};
/* End PBXTargetDependency section */

/* Begin PBXVariantGroup section */
		C00E09432B3D6F66003F2C0D /* Main.storyboard */ = {
			isa = PBXVariantGroup;
			children = (
				C00E09442B3D6F66003F2C0D /* Base */,
			);
			name = Main.storyboard;
			sourceTree = "<group>";
		};
		C00E09482B3D6F67003F2C0D /* LaunchScreen.storyboard */ = {
			isa = PBXVariantGroup;
			children = (
				C00E09492B3D6F67003F2C0D /* Base */,
			);
			name = LaunchScreen.storyboard;
			sourceTree = "<group>";
		};
/* End PBXVariantGroup section */

/* Begin XCBuildConfiguration section */
		C00E09622B3D6F67003F2C0D /* Debug */ = {
			isa = XCBuildConfiguration;
			buildSettings = {
				ALWAYS_SEARCH_USER_PATHS = NO;
				ASSETCATALOG_COMPILER_GENERATE_SWIFT_ASSET_SYMBOL_EXTENSIONS = YES;
				CLANG_ANALYZER_NONNULL = YES;
				CLANG_ANALYZER_NUMBER_OBJECT_CONVERSION = YES_AGGRESSIVE;
				CLANG_CXX_LANGUAGE_STANDARD = "gnu++20";
				CLANG_ENABLE_MODULES = YES;
				CLANG_ENABLE_OBJC_ARC = YES;
				CLANG_ENABLE_OBJC_WEAK = YES;
				CLANG_WARN_BLOCK_CAPTURE_AUTORELEASING = YES;
				CLANG_WARN_BOOL_CONVERSION = YES;
				CLANG_WARN_COMMA = YES;
				CLANG_WARN_CONSTANT_CONVERSION = YES;
				CLANG_WARN_DEPRECATED_OBJC_IMPLEMENTATIONS = YES;
				CLANG_WARN_DIRECT_OBJC_ISA_USAGE = YES_ERROR;
				CLANG_WARN_DOCUMENTATION_COMMENTS = YES;
				CLANG_WARN_EMPTY_BODY = YES;
				CLANG_WARN_ENUM_CONVERSION = YES;
				CLANG_WARN_INFINITE_RECURSION = YES;
				CLANG_WARN_INT_CONVERSION = YES;
				CLANG_WARN_NON_LITERAL_NULL_CONVERSION = YES;
				CLANG_WARN_OBJC_IMPLICIT_RETAIN_SELF = YES;
				CLANG_WARN_OBJC_LITERAL_CONVERSION = YES;
				CLANG_WARN_OBJC_ROOT_CLASS = YES_ERROR;
				CLANG_WARN_QUOTED_INCLUDE_IN_FRAMEWORK_HEADER = YES;
				CLANG_WARN_RANGE_LOOP_ANALYSIS = YES;
				CLANG_WARN_STRICT_PROTOTYPES = YES;
				CLANG_WARN_SUSPICIOUS_MOVE = YES;
				CLANG_WARN_UNGUARDED_AVAILABILITY = YES_AGGRESSIVE;
				CLANG_WARN_UNREACHABLE_CODE = YES;
				CLANG_WARN__DUPLICATE_METHOD_MATCH = YES;
				COPY_PHASE_STRIP = NO;
				DEBUG_INFORMATION_FORMAT = dwarf;
				ENABLE_STRICT_OBJC_MSGSEND = YES;
				ENABLE_TESTABILITY = YES;
				ENABLE_USER_SCRIPT_SANDBOXING = NO;
				GCC_C_LANGUAGE_STANDARD = gnu17;
				GCC_DYNAMIC_NO_PIC = NO;
				GCC_NO_COMMON_BLOCKS = YES;
				GCC_OPTIMIZATION_LEVEL = 0;
				GCC_PREPROCESSOR_DEFINITIONS = (
					"DEBUG=1",
					"$(inherited)",
				);
				GCC_WARN_64_TO_32_BIT_CONVERSION = YES;
				GCC_WARN_ABOUT_RETURN_TYPE = YES_ERROR;
				GCC_WARN_UNDECLARED_SELECTOR = YES;
				GCC_WARN_UNINITIALIZED_AUTOS = YES_AGGRESSIVE;
				GCC_WARN_UNUSED_FUNCTION = YES;
				GCC_WARN_UNUSED_VARIABLE = YES;
				IPHONEOS_DEPLOYMENT_TARGET = 17.2;
				LOCALIZATION_PREFERS_STRING_CATALOGS = YES;
				MTL_ENABLE_DEBUG_INFO = INCLUDE_SOURCE;
				MTL_FAST_MATH = YES;
				ONLY_ACTIVE_ARCH = YES;
				SDKROOT = iphoneos;
				SWIFT_ACTIVE_COMPILATION_CONDITIONS = "DEBUG $(inherited)";
				SWIFT_OPTIMIZATION_LEVEL = "-Onone";
			};
			name = Debug;
		};
		C00E09632B3D6F67003F2C0D /* Release */ = {
			isa = XCBuildConfiguration;
			buildSettings = {
				ALWAYS_SEARCH_USER_PATHS = NO;
				ASSETCATALOG_COMPILER_GENERATE_SWIFT_ASSET_SYMBOL_EXTENSIONS = YES;
				CLANG_ANALYZER_NONNULL = YES;
				CLANG_ANALYZER_NUMBER_OBJECT_CONVERSION = YES_AGGRESSIVE;
				CLANG_CXX_LANGUAGE_STANDARD = "gnu++20";
				CLANG_ENABLE_MODULES = YES;
				CLANG_ENABLE_OBJC_ARC = YES;
				CLANG_ENABLE_OBJC_WEAK = YES;
				CLANG_WARN_BLOCK_CAPTURE_AUTORELEASING = YES;
				CLANG_WARN_BOOL_CONVERSION = YES;
				CLANG_WARN_COMMA = YES;
				CLANG_WARN_CONSTANT_CONVERSION = YES;
				CLANG_WARN_DEPRECATED_OBJC_IMPLEMENTATIONS = YES;
				CLANG_WARN_DIRECT_OBJC_ISA_USAGE = YES_ERROR;
				CLANG_WARN_DOCUMENTATION_COMMENTS = YES;
				CLANG_WARN_EMPTY_BODY = YES;
				CLANG_WARN_ENUM_CONVERSION = YES;
				CLANG_WARN_INFINITE_RECURSION = YES;
				CLANG_WARN_INT_CONVERSION = YES;
				CLANG_WARN_NON_LITERAL_NULL_CONVERSION = YES;
				CLANG_WARN_OBJC_IMPLICIT_RETAIN_SELF = YES;
				CLANG_WARN_OBJC_LITERAL_CONVERSION = YES;
				CLANG_WARN_OBJC_ROOT_CLASS = YES_ERROR;
				CLANG_WARN_QUOTED_INCLUDE_IN_FRAMEWORK_HEADER = YES;
				CLANG_WARN_RANGE_LOOP_ANALYSIS = YES;
				CLANG_WARN_STRICT_PROTOTYPES = YES;
				CLANG_WARN_SUSPICIOUS_MOVE = YES;
				CLANG_WARN_UNGUARDED_AVAILABILITY = YES_AGGRESSIVE;
				CLANG_WARN_UNREACHABLE_CODE = YES;
				CLANG_WARN__DUPLICATE_METHOD_MATCH = YES;
				COPY_PHASE_STRIP = NO;
				DEBUG_INFORMATION_FORMAT = "dwarf-with-dsym";
				ENABLE_NS_ASSERTIONS = NO;
				ENABLE_STRICT_OBJC_MSGSEND = YES;
				ENABLE_USER_SCRIPT_SANDBOXING = NO;
				GCC_C_LANGUAGE_STANDARD = gnu17;
				GCC_NO_COMMON_BLOCKS = YES;
				GCC_WARN_64_TO_32_BIT_CONVERSION = YES;
				GCC_WARN_ABOUT_RETURN_TYPE = YES_ERROR;
				GCC_WARN_UNDECLARED_SELECTOR = YES;
				GCC_WARN_UNINITIALIZED_AUTOS = YES_AGGRESSIVE;
				GCC_WARN_UNUSED_FUNCTION = YES;
				GCC_WARN_UNUSED_VARIABLE = YES;
				IPHONEOS_DEPLOYMENT_TARGET = 17.2;
				LOCALIZATION_PREFERS_STRING_CATALOGS = YES;
				MTL_ENABLE_DEBUG_INFO = NO;
				MTL_FAST_MATH = YES;
				SDKROOT = iphoneos;
				SWIFT_COMPILATION_MODE = wholemodule;
				VALIDATE_PRODUCT = YES;
			};
			name = Release;
		};
		C00E09652B3D6F67003F2C0D /* Debug */ = {
			isa = XCBuildConfiguration;
			baseConfigurationReference = 9F90C1C5B6DB6C1739D5D232 /* Pods-OG Notes.debug.xcconfig */;
			buildSettings = {
				ASSETCATALOG_COMPILER_APPICON_NAME = AppIcon;
				ASSETCATALOG_COMPILER_GLOBAL_ACCENT_COLOR_NAME = AccentColor;
				CODE_SIGN_STYLE = Automatic;
				CURRENT_PROJECT_VERSION = 1;
				DEVELOPMENT_TEAM = 659TVY4N4U;
				GENERATE_INFOPLIST_FILE = YES;
				INFOPLIST_FILE = "OG Notes/Info.plist";
				INFOPLIST_KEY_CFBundleDisplayName = "OG Notes";
				INFOPLIST_KEY_UIApplicationSupportsIndirectInputEvents = YES;
				INFOPLIST_KEY_UILaunchStoryboardName = LaunchScreen;
				INFOPLIST_KEY_UIMainStoryboardFile = Main;
				INFOPLIST_KEY_UISupportedInterfaceOrientations = "UIInterfaceOrientationLandscapeLeft UIInterfaceOrientationLandscapeRight UIInterfaceOrientationPortrait";
				INFOPLIST_KEY_UISupportedInterfaceOrientations_iPad = "UIInterfaceOrientationLandscapeLeft UIInterfaceOrientationLandscapeRight UIInterfaceOrientationPortrait UIInterfaceOrientationPortraitUpsideDown";
				IPHONEOS_DEPLOYMENT_TARGET = 14.0;
				LD_RUNPATH_SEARCH_PATHS = (
					"$(inherited)",
					"@executable_path/Frameworks",
				);
				MARKETING_VERSION = 1.0;
				PRODUCT_BUNDLE_IDENTIFIER = "com.omgandhi.ognotes.OG-Notes";
				PRODUCT_NAME = "$(TARGET_NAME)";
				SWIFT_EMIT_LOC_STRINGS = YES;
				SWIFT_VERSION = 5.0;
				TARGETED_DEVICE_FAMILY = "1,2";
			};
			name = Debug;
		};
		C00E09662B3D6F67003F2C0D /* Release */ = {
			isa = XCBuildConfiguration;
			baseConfigurationReference = 1247C29F8E920120523A5D6D /* Pods-OG Notes.release.xcconfig */;
			buildSettings = {
				ASSETCATALOG_COMPILER_APPICON_NAME = AppIcon;
				ASSETCATALOG_COMPILER_GLOBAL_ACCENT_COLOR_NAME = AccentColor;
				CODE_SIGN_STYLE = Automatic;
				CURRENT_PROJECT_VERSION = 1;
				DEVELOPMENT_TEAM = 659TVY4N4U;
				GENERATE_INFOPLIST_FILE = YES;
				INFOPLIST_FILE = "OG Notes/Info.plist";
				INFOPLIST_KEY_CFBundleDisplayName = "OG Notes";
				INFOPLIST_KEY_UIApplicationSupportsIndirectInputEvents = YES;
				INFOPLIST_KEY_UILaunchStoryboardName = LaunchScreen;
				INFOPLIST_KEY_UIMainStoryboardFile = Main;
				INFOPLIST_KEY_UISupportedInterfaceOrientations = "UIInterfaceOrientationLandscapeLeft UIInterfaceOrientationLandscapeRight UIInterfaceOrientationPortrait";
				INFOPLIST_KEY_UISupportedInterfaceOrientations_iPad = "UIInterfaceOrientationLandscapeLeft UIInterfaceOrientationLandscapeRight UIInterfaceOrientationPortrait UIInterfaceOrientationPortraitUpsideDown";
				IPHONEOS_DEPLOYMENT_TARGET = 14.0;
				LD_RUNPATH_SEARCH_PATHS = (
					"$(inherited)",
					"@executable_path/Frameworks",
				);
				MARKETING_VERSION = 1.0;
				PRODUCT_BUNDLE_IDENTIFIER = "com.omgandhi.ognotes.OG-Notes";
				PRODUCT_NAME = "$(TARGET_NAME)";
				SWIFT_EMIT_LOC_STRINGS = YES;
				SWIFT_VERSION = 5.0;
				TARGETED_DEVICE_FAMILY = "1,2";
			};
			name = Release;
		};
		C00E09682B3D6F67003F2C0D /* Debug */ = {
			isa = XCBuildConfiguration;
			baseConfigurationReference = 5F64E96372D83F4D4C5E3970 /* Pods-OG NotesTests.debug.xcconfig */;
			buildSettings = {
				ALWAYS_EMBED_SWIFT_STANDARD_LIBRARIES = YES;
				BUNDLE_LOADER = "$(TEST_HOST)";
				CODE_SIGN_STYLE = Automatic;
				CURRENT_PROJECT_VERSION = 1;
				DEVELOPMENT_TEAM = 659TVY4N4U;
				GENERATE_INFOPLIST_FILE = YES;
				IPHONEOS_DEPLOYMENT_TARGET = 17.2;
				MARKETING_VERSION = 1.0;
				PRODUCT_BUNDLE_IDENTIFIER = "com.omgandhi.ognotes.OG-NotesTests";
				PRODUCT_NAME = "$(TARGET_NAME)";
				SWIFT_EMIT_LOC_STRINGS = NO;
				SWIFT_VERSION = 5.0;
				TARGETED_DEVICE_FAMILY = "1,2";
				TEST_HOST = "$(BUILT_PRODUCTS_DIR)/OG Notes.app/$(BUNDLE_EXECUTABLE_FOLDER_PATH)/OG Notes";
			};
			name = Debug;
		};
		C00E09692B3D6F67003F2C0D /* Release */ = {
			isa = XCBuildConfiguration;
			baseConfigurationReference = 1AC0AF419F0AACA5DFC0B40D /* Pods-OG NotesTests.release.xcconfig */;
			buildSettings = {
				ALWAYS_EMBED_SWIFT_STANDARD_LIBRARIES = YES;
				BUNDLE_LOADER = "$(TEST_HOST)";
				CODE_SIGN_STYLE = Automatic;
				CURRENT_PROJECT_VERSION = 1;
				DEVELOPMENT_TEAM = 659TVY4N4U;
				GENERATE_INFOPLIST_FILE = YES;
				IPHONEOS_DEPLOYMENT_TARGET = 17.2;
				MARKETING_VERSION = 1.0;
				PRODUCT_BUNDLE_IDENTIFIER = "com.omgandhi.ognotes.OG-NotesTests";
				PRODUCT_NAME = "$(TARGET_NAME)";
				SWIFT_EMIT_LOC_STRINGS = NO;
				SWIFT_VERSION = 5.0;
				TARGETED_DEVICE_FAMILY = "1,2";
				TEST_HOST = "$(BUILT_PRODUCTS_DIR)/OG Notes.app/$(BUNDLE_EXECUTABLE_FOLDER_PATH)/OG Notes";
			};
			name = Release;
		};
		C00E096B2B3D6F67003F2C0D /* Debug */ = {
			isa = XCBuildConfiguration;
			baseConfigurationReference = DD1AB158FB9A970256AB8776 /* Pods-OG Notes-OG NotesUITests.debug.xcconfig */;
			buildSettings = {
				ALWAYS_EMBED_SWIFT_STANDARD_LIBRARIES = YES;
				CODE_SIGN_STYLE = Automatic;
				CURRENT_PROJECT_VERSION = 1;
				DEVELOPMENT_TEAM = 659TVY4N4U;
				GENERATE_INFOPLIST_FILE = YES;
				MARKETING_VERSION = 1.0;
				PRODUCT_BUNDLE_IDENTIFIER = "com.omgandhi.ognotes.OG-NotesUITests";
				PRODUCT_NAME = "$(TARGET_NAME)";
				SWIFT_EMIT_LOC_STRINGS = NO;
				SWIFT_VERSION = 5.0;
				TARGETED_DEVICE_FAMILY = "1,2";
				TEST_TARGET_NAME = "OG Notes";
			};
			name = Debug;
		};
		C00E096C2B3D6F67003F2C0D /* Release */ = {
			isa = XCBuildConfiguration;
			baseConfigurationReference = 56BD733ABAE9050024BB67D7 /* Pods-OG Notes-OG NotesUITests.release.xcconfig */;
			buildSettings = {
				ALWAYS_EMBED_SWIFT_STANDARD_LIBRARIES = YES;
				CODE_SIGN_STYLE = Automatic;
				CURRENT_PROJECT_VERSION = 1;
				DEVELOPMENT_TEAM = 659TVY4N4U;
				GENERATE_INFOPLIST_FILE = YES;
				MARKETING_VERSION = 1.0;
				PRODUCT_BUNDLE_IDENTIFIER = "com.omgandhi.ognotes.OG-NotesUITests";
				PRODUCT_NAME = "$(TARGET_NAME)";
				SWIFT_EMIT_LOC_STRINGS = NO;
				SWIFT_VERSION = 5.0;
				TARGETED_DEVICE_FAMILY = "1,2";
				TEST_TARGET_NAME = "OG Notes";
			};
			name = Release;
		};
/* End XCBuildConfiguration section */

/* Begin XCConfigurationList section */
		C00E09352B3D6F66003F2C0D /* Build configuration list for PBXProject "OG Notes" */ = {
			isa = XCConfigurationList;
			buildConfigurations = (
				C00E09622B3D6F67003F2C0D /* Debug */,
				C00E09632B3D6F67003F2C0D /* Release */,
			);
			defaultConfigurationIsVisible = 0;
			defaultConfigurationName = Release;
		};
		C00E09642B3D6F67003F2C0D /* Build configuration list for PBXNativeTarget "OG Notes" */ = {
			isa = XCConfigurationList;
			buildConfigurations = (
				C00E09652B3D6F67003F2C0D /* Debug */,
				C00E09662B3D6F67003F2C0D /* Release */,
			);
			defaultConfigurationIsVisible = 0;
			defaultConfigurationName = Release;
		};
		C00E09672B3D6F67003F2C0D /* Build configuration list for PBXNativeTarget "OG NotesTests" */ = {
			isa = XCConfigurationList;
			buildConfigurations = (
				C00E09682B3D6F67003F2C0D /* Debug */,
				C00E09692B3D6F67003F2C0D /* Release */,
			);
			defaultConfigurationIsVisible = 0;
			defaultConfigurationName = Release;
		};
		C00E096A2B3D6F67003F2C0D /* Build configuration list for PBXNativeTarget "OG NotesUITests" */ = {
			isa = XCConfigurationList;
			buildConfigurations = (
				C00E096B2B3D6F67003F2C0D /* Debug */,
				C00E096C2B3D6F67003F2C0D /* Release */,
			);
			defaultConfigurationIsVisible = 0;
			defaultConfigurationName = Release;
		};
/* End XCConfigurationList section */
	};
	rootObject = C00E09322B3D6F66003F2C0D /* Project object */;
}
